{
  "lockfile_version": "1",
  "packages": {
    "go@1.19.10": {
      "last_modified": "2023-06-29T16:20:38Z",
      "resolved": "github:NixOS/nixpkgs/3c614fbc76fc152f3e1bc4b2263da6d90adf80fb#go_1_19",
      "version": "1.19.10"
    },
    "golangci-lint@1.53.3": {
      "last_modified": "2023-06-29T16:20:38Z",
      "resolved": "github:NixOS/nixpkgs/3c614fbc76fc152f3e1bc4b2263da6d90adf80fb#golangci-lint",
      "version": "1.53.3"
    },
    "terraform@1.5.2": {
      "last_modified": "2023-06-29T16:20:38Z",
      "resolved": "github:NixOS/nixpkgs/3c614fbc76fc152f3e1bc4b2263da6d90adf80fb#terraform",
      "version": "1.5.2"
    }
  }
}